
Microsoft Visual Studio Solution File, Format Version 12.00
# Visual Studio Version 17
VisualStudioVersion = 17.2.32505.173
MinimumVisualStudioVersion = 10.0.40219.1
Project("{9A19103F-16F7-4668-BE54-9A1E7A4F7556}") = "PathfinderJson", "PathfinderJson\PathfinderJson.csproj", "{BE6CA3CF-3665-49B7-B22D-68DC8AC4FD7F}"
EndProject
Project("{2150E333-8FDC-42A3-9474-1A3956D46DE8}") = "Solution Items", "Solution Items", "{28DD490E-85C4-4E06-A162-CA3407187E93}"
	ProjectSection(SolutionItems) = preProject
		publish.txt = publish.txt
		README.md = README.md
		HTML Export Template\template.htm = HTML Export Template\template.htm
	EndProjectSection
EndProject
Global
	GlobalSection(SolutionConfigurationPlatforms) = preSolution
		Debug|Any CPU = Debug|Any CPU
		Release|Any CPU = Release|Any CPU
	EndGlobalSection
	GlobalSection(ProjectConfigurationPlatforms) = postSolution
		{BE6CA3CF-3665-49B7-B22D-68DC8AC4FD7F}.Debug|Any CPU.ActiveCfg = Debug|Any CPU
		{BE6CA3CF-3665-49B7-B22D-68DC8AC4FD7F}.Debug|Any CPU.Build.0 = Debug|Any CPU
		{BE6CA3CF-3665-49B7-B22D-68DC8AC4FD7F}.Release|Any CPU.ActiveCfg = Release|Any CPU
		{BE6CA3CF-3665-49B7-B22D-68DC8AC4FD7F}.Release|Any CPU.Build.0 = Release|Any CPU
	EndGlobalSection
	GlobalSection(SolutionProperties) = preSolution
		HideSolutionNode = FALSE
	EndGlobalSection
	GlobalSection(ExtensibilityGlobals) = postSolution
		SolutionGuid = {2A5BC5F3-8433-465A-A520-17540AE76A2A}
	EndGlobalSection
EndGlobal
